
Microsoft Visual Studio Solution File, Format Version 12.00
# Visual Studio Version 16
VisualStudioVersion = 16.0.30804.86
MinimumVisualStudioVersion = 10.0.40219.1
Project("{FAE04EC0-301F-11D3-BF4B-00C04F79EFBC}") = "Daiwa", "Daiwa.csproj", "{B2E72983-2DE8-4FB5-8BB4-0E1738A39897}"
EndProject
Global
	GlobalSection(SolutionConfigurationPlatforms) = preSolution
		Debug|Any CPU = Debug|Any CPU
		Release|Any CPU = Release|Any CPU
	EndGlobalSection
	GlobalSection(ProjectConfigurationPlatforms) = postSolution
		{B2E72983-2DE8-4FB5-8BB4-0E1738A39897}.Debug|Any CPU.ActiveCfg = Debug|Any CPU
		{B2E72983-2DE8-4FB5-8BB4-0E1738A39897}.Debug|Any CPU.Build.0 = Debug|Any CPU
		{B2E72983-2DE8-4FB5-8BB4-0E1738A39897}.Release|Any CPU.ActiveCfg = Release|Any CPU
		{B2E72983-2DE8-4FB5-8BB4-0E1738A39897}.Release|Any CPU.Build.0 = Release|Any CPU
	EndGlobalSection
	GlobalSection(SolutionProperties) = preSolution
		HideSolutionNode = FALSE
	EndGlobalSection
	GlobalSection(ExtensibilityGlobals) = postSolution
		SolutionGuid = {60ED5F15-925F-4145-905B-26D4AD9BD84B}
	EndGlobalSection
EndGlobal
